
Microsoft Visual Studio Solution File, Format Version 12.00
# Visual Studio 15
VisualStudioVersion = 15.0.28010.2041
MinimumVisualStudioVersion = 10.0.40219.1
Project("{FAE04EC0-301F-11D3-BF4B-00C04F79EFBC}") = "TestObjects", "TestObjects\TestObjects.csproj", "{6B97C4BC-A274-47A0-B5FE-1137452CD858}"
EndProject
Global
	GlobalSection(SolutionConfigurationPlatforms) = preSolution
		Debug|Any CPU = Debug|Any CPU
		Release|Any CPU = Release|Any CPU
	EndGlobalSection
	GlobalSection(ProjectConfigurationPlatforms) = postSolution
		{6B97C4BC-A274-47A0-B5FE-1137452CD858}.Debug|Any CPU.ActiveCfg = Debug|Any CPU
		{6B97C4BC-A274-47A0-B5FE-1137452CD858}.Debug|Any CPU.Build.0 = Debug|Any CPU
		{6B97C4BC-A274-47A0-B5FE-1137452CD858}.Release|Any CPU.ActiveCfg = Release|Any CPU
		{6B97C4BC-A274-47A0-B5FE-1137452CD858}.Release|Any CPU.Build.0 = Release|Any CPU
	EndGlobalSection
	GlobalSection(SolutionProperties) = preSolution
		HideSolutionNode = FALSE
	EndGlobalSection
	GlobalSection(ExtensibilityGlobals) = postSolution
		SolutionGuid = {07CD3C75-AA3D-42A4-9030-4B9D8246F2C3}
	EndGlobalSection
EndGlobal
